
Microsoft Visual Studio Solution File, Format Version 12.00
# Visual Studio 2017
Project("{FAE04EC0-301F-11D3-BF4B-00C04F79EFBC}") = "Hall", "Hall.csproj", "{1C57D3EE-452F-C5EE-AF61-684783FFE7D6}"
EndProject
Project("{FAE04EC0-301F-11D3-BF4B-00C04F79EFBC}") = "Hall.Editor", "Hall.Editor.csproj", "{12FC1B89-B2C8-8CED-670A-D5347E253564}"
EndProject
Global
	GlobalSection(SolutionConfigurationPlatforms) = preSolution
		Debug|Any CPU = Debug|Any CPU
		Release|Any CPU = Release|Any CPU
	EndGlobalSection
	GlobalSection(ProjectConfigurationPlatforms) = postSolution
		{1C57D3EE-452F-C5EE-AF61-684783FFE7D6}.Debug|Any CPU.ActiveCfg = Debug|Any CPU
		{1C57D3EE-452F-C5EE-AF61-684783FFE7D6}.Debug|Any CPU.Build.0 = Debug|Any CPU
		{1C57D3EE-452F-C5EE-AF61-684783FFE7D6}.Release|Any CPU.ActiveCfg = Release|Any CPU
		{1C57D3EE-452F-C5EE-AF61-684783FFE7D6}.Release|Any CPU.Build.0 = Release|Any CPU
		{12FC1B89-B2C8-8CED-670A-D5347E253564}.Debug|Any CPU.ActiveCfg = Debug|Any CPU
		{12FC1B89-B2C8-8CED-670A-D5347E253564}.Debug|Any CPU.Build.0 = Debug|Any CPU
		{12FC1B89-B2C8-8CED-670A-D5347E253564}.Release|Any CPU.ActiveCfg = Release|Any CPU
		{12FC1B89-B2C8-8CED-670A-D5347E253564}.Release|Any CPU.Build.0 = Release|Any CPU
	EndGlobalSection
	GlobalSection(SolutionProperties) = preSolution
		HideSolutionNode = FALSE
	EndGlobalSection
EndGlobal
